
Microsoft Visual Studio Solution File, Format Version 12.00
# Visual Studio Version 17
VisualStudioVersion = 17.0.31903.59
MinimumVisualStudioVersion = 10.0.40219.1
Project("{FAE04EC0-301F-11D3-BF4B-00C04F79EFBC}") = "Domain", "Domain\Domain.csproj", "{0A5FB74C-7BC9-4AEE-9C00-2B3520C1A3EE}"
EndProject
Project("{FAE04EC0-301F-11D3-BF4B-00C04F79EFBC}") = "Presentation", "Presentation\Presentation.csproj", "{6A658711-886C-4567-898A-323FCB3948BE}"
EndProject
Project("{FAE04EC0-301F-11D3-BF4B-00C04F79EFBC}") = "Infrastructure", "Infrastructure\Infrastructure.csproj", "{280187A1-3B29-464B-85D8-D1DBEBE2BC49}"
EndProject
Project("{FAE04EC0-301F-11D3-BF4B-00C04F79EFBC}") = "Application", "Application\Application.csproj", "{28FD12AF-5F8D-4F2F-A938-0BBE854E52EB}"
EndProject
Project("{FAE04EC0-301F-11D3-BF4B-00C04F79EFBC}") = "Workflows", "Workflows\Workflows.csproj", "{DC4AA0D5-9F34-48AA-9217-E2BD8860FA01}"
EndProject
Global
	GlobalSection(SolutionConfigurationPlatforms) = preSolution
		Debug|Any CPU = Debug|Any CPU
		Release|Any CPU = Release|Any CPU
	EndGlobalSection
	GlobalSection(ProjectConfigurationPlatforms) = postSolution
		{0A5FB74C-7BC9-4AEE-9C00-2B3520C1A3EE}.Debug|Any CPU.ActiveCfg = Debug|Any CPU
		{0A5FB74C-7BC9-4AEE-9C00-2B3520C1A3EE}.Debug|Any CPU.Build.0 = Debug|Any CPU
		{0A5FB74C-7BC9-4AEE-9C00-2B3520C1A3EE}.Release|Any CPU.ActiveCfg = Release|Any CPU
		{0A5FB74C-7BC9-4AEE-9C00-2B3520C1A3EE}.Release|Any CPU.Build.0 = Release|Any CPU
		{6A658711-886C-4567-898A-323FCB3948BE}.Debug|Any CPU.ActiveCfg = Debug|Any CPU
		{6A658711-886C-4567-898A-323FCB3948BE}.Debug|Any CPU.Build.0 = Debug|Any CPU
		{6A658711-886C-4567-898A-323FCB3948BE}.Release|Any CPU.ActiveCfg = Release|Any CPU
		{6A658711-886C-4567-898A-323FCB3948BE}.Release|Any CPU.Build.0 = Release|Any CPU
		{280187A1-3B29-464B-85D8-D1DBEBE2BC49}.Debug|Any CPU.ActiveCfg = Debug|Any CPU
		{280187A1-3B29-464B-85D8-D1DBEBE2BC49}.Debug|Any CPU.Build.0 = Debug|Any CPU
		{280187A1-3B29-464B-85D8-D1DBEBE2BC49}.Release|Any CPU.ActiveCfg = Release|Any CPU
		{280187A1-3B29-464B-85D8-D1DBEBE2BC49}.Release|Any CPU.Build.0 = Release|Any CPU
		{28FD12AF-5F8D-4F2F-A938-0BBE854E52EB}.Debug|Any CPU.ActiveCfg = Debug|Any CPU
		{28FD12AF-5F8D-4F2F-A938-0BBE854E52EB}.Debug|Any CPU.Build.0 = Debug|Any CPU
		{28FD12AF-5F8D-4F2F-A938-0BBE854E52EB}.Release|Any CPU.ActiveCfg = Release|Any CPU
		{28FD12AF-5F8D-4F2F-A938-0BBE854E52EB}.Release|Any CPU.Build.0 = Release|Any CPU
		{DC4AA0D5-9F34-48AA-9217-E2BD8860FA01}.Debug|Any CPU.ActiveCfg = Debug|Any CPU
		{DC4AA0D5-9F34-48AA-9217-E2BD8860FA01}.Debug|Any CPU.Build.0 = Debug|Any CPU
		{DC4AA0D5-9F34-48AA-9217-E2BD8860FA01}.Release|Any CPU.ActiveCfg = Release|Any CPU
		{DC4AA0D5-9F34-48AA-9217-E2BD8860FA01}.Release|Any CPU.Build.0 = Release|Any CPU
	EndGlobalSection
	GlobalSection(SolutionProperties) = preSolution
		HideSolutionNode = FALSE
	EndGlobalSection
EndGlobal
